
Microsoft Visual Studio Solution File, Format Version 11.00
# Visual Studio 2010
Project("{FAE04EC0-301F-11D3-BF4B-00C04F79EFBC}") = "AR_component", "Assembly-CSharp.csproj", "{02513433-C478-A59B-1E6E-10AC81757351}"
EndProject
Project("{FAE04EC0-301F-11D3-BF4B-00C04F79EFBC}") = "AR_component", "Assembly-CSharp-Editor.csproj", "{08749DD8-2356-1808-1032-73F7EAF4567C}"
EndProject
Global
	GlobalSection(SolutionConfigurationPlatforms) = preSolution
		Debug|Any CPU = Debug|Any CPU
		Release|Any CPU = Release|Any CPU
	EndGlobalSection
	GlobalSection(ProjectConfigurationPlatforms) = postSolution
		{02513433-C478-A59B-1E6E-10AC81757351}.Debug|Any CPU.ActiveCfg = Debug|Any CPU
		{02513433-C478-A59B-1E6E-10AC81757351}.Debug|Any CPU.Build.0 = Debug|Any CPU
		{02513433-C478-A59B-1E6E-10AC81757351}.Release|Any CPU.ActiveCfg = Release|Any CPU
		{02513433-C478-A59B-1E6E-10AC81757351}.Release|Any CPU.Build.0 = Release|Any CPU
		{08749DD8-2356-1808-1032-73F7EAF4567C}.Debug|Any CPU.ActiveCfg = Debug|Any CPU
		{08749DD8-2356-1808-1032-73F7EAF4567C}.Debug|Any CPU.Build.0 = Debug|Any CPU
		{08749DD8-2356-1808-1032-73F7EAF4567C}.Release|Any CPU.ActiveCfg = Release|Any CPU
		{08749DD8-2356-1808-1032-73F7EAF4567C}.Release|Any CPU.Build.0 = Release|Any CPU
	EndGlobalSection
	GlobalSection(SolutionProperties) = preSolution
		HideSolutionNode = FALSE
	EndGlobalSection
	GlobalSection(MonoDevelopProperties) = preSolution
		StartupItem = Assembly-CSharp.csproj
	EndGlobalSection
EndGlobal
